
Microsoft Visual Studio Solution File, Format Version 12.00
# Visual Studio 15
VisualStudioVersion = 15.0.26730.3
MinimumVisualStudioVersion = 10.0.40219.1
Project("{9A19103F-16F7-4668-BE54-9A1E7A4F7556}") = "Octokit.Azure.Demo", "Octokit.Azure.Demo\Octokit.Azure.Demo.csproj", "{780A3091-5534-4876-9AF4-2C9CCA931864}"
EndProject
Global
	GlobalSection(SolutionConfigurationPlatforms) = preSolution
		Debug|Any CPU = Debug|Any CPU
		Release|Any CPU = Release|Any CPU
	EndGlobalSection
	GlobalSection(ProjectConfigurationPlatforms) = postSolution
		{780A3091-5534-4876-9AF4-2C9CCA931864}.Debug|Any CPU.ActiveCfg = Debug|Any CPU
		{780A3091-5534-4876-9AF4-2C9CCA931864}.Debug|Any CPU.Build.0 = Debug|Any CPU
		{780A3091-5534-4876-9AF4-2C9CCA931864}.Release|Any CPU.ActiveCfg = Release|Any CPU
		{780A3091-5534-4876-9AF4-2C9CCA931864}.Release|Any CPU.Build.0 = Release|Any CPU
	EndGlobalSection
	GlobalSection(SolutionProperties) = preSolution
		HideSolutionNode = FALSE
	EndGlobalSection
	GlobalSection(ExtensibilityGlobals) = postSolution
		SolutionGuid = {EAE079CD-FFAD-4313-B9C4-53E3C02BAE7E}
	EndGlobalSection
EndGlobal
